
Microsoft Visual Studio Solution File, Format Version 12.00
Project("{FAE04EC0-301F-11D3-BF4B-00C04F79EFBC}") = "Messages", "Messages\Messages.csproj", "{7773C7CF-842D-43BB-93A3-C32055D6C282}"
EndProject
Project("{2150E333-8FDC-42A3-9474-1A3956D46DE8}") = "Contracts", "Contracts", "{EE245E3F-3D9E-4293-BACC-7EAF540ECF00}"
EndProject
Project("{FAE04EC0-301F-11D3-BF4B-00C04F79EFBC}") = "RetailUI", "RetailUI\RetailUI.csproj", "{64CB6112-ED29-4665-BAE5-F0E9C47F6361}"
EndProject
Project("{FAE04EC0-301F-11D3-BF4B-00C04F79EFBC}") = "Sales", "Sales\Sales.csproj", "{EEA84658-8DEB-46A6-BC00-8895869556EC}"
EndProject
Project("{2150E333-8FDC-42A3-9474-1A3956D46DE8}") = "Services", "Services", "{ECB1A702-CB33-4162-B52B-3ED5707B0DEF}"
EndProject
Project("{FAE04EC0-301F-11D3-BF4B-00C04F79EFBC}") = "Billing", "Billing\Billing.csproj", "{1C38C874-9E69-44BB-927F-D9C290FCEBA1}"
EndProject
Project("{FAE04EC0-301F-11D3-BF4B-00C04F79EFBC}") = "Shipping", "Shipping\Shipping.csproj", "{E2F02950-A7D3-4DE6-8114-C3AFEDB36192}"
EndProject
Global
	GlobalSection(SolutionConfigurationPlatforms) = preSolution
		Debug|Any CPU = Debug|Any CPU
		Release|Any CPU = Release|Any CPU
	EndGlobalSection
	GlobalSection(ProjectConfigurationPlatforms) = postSolution
		{7773C7CF-842D-43BB-93A3-C32055D6C282}.Debug|Any CPU.ActiveCfg = Debug|Any CPU
		{7773C7CF-842D-43BB-93A3-C32055D6C282}.Debug|Any CPU.Build.0 = Debug|Any CPU
		{7773C7CF-842D-43BB-93A3-C32055D6C282}.Release|Any CPU.ActiveCfg = Release|Any CPU
		{7773C7CF-842D-43BB-93A3-C32055D6C282}.Release|Any CPU.Build.0 = Release|Any CPU
		{64CB6112-ED29-4665-BAE5-F0E9C47F6361}.Debug|Any CPU.ActiveCfg = Debug|Any CPU
		{64CB6112-ED29-4665-BAE5-F0E9C47F6361}.Debug|Any CPU.Build.0 = Debug|Any CPU
		{64CB6112-ED29-4665-BAE5-F0E9C47F6361}.Release|Any CPU.ActiveCfg = Release|Any CPU
		{64CB6112-ED29-4665-BAE5-F0E9C47F6361}.Release|Any CPU.Build.0 = Release|Any CPU
		{EEA84658-8DEB-46A6-BC00-8895869556EC}.Debug|Any CPU.ActiveCfg = Debug|Any CPU
		{EEA84658-8DEB-46A6-BC00-8895869556EC}.Debug|Any CPU.Build.0 = Debug|Any CPU
		{EEA84658-8DEB-46A6-BC00-8895869556EC}.Release|Any CPU.ActiveCfg = Release|Any CPU
		{EEA84658-8DEB-46A6-BC00-8895869556EC}.Release|Any CPU.Build.0 = Release|Any CPU
		{1C38C874-9E69-44BB-927F-D9C290FCEBA1}.Debug|Any CPU.ActiveCfg = Debug|Any CPU
		{1C38C874-9E69-44BB-927F-D9C290FCEBA1}.Debug|Any CPU.Build.0 = Debug|Any CPU
		{1C38C874-9E69-44BB-927F-D9C290FCEBA1}.Release|Any CPU.ActiveCfg = Release|Any CPU
		{1C38C874-9E69-44BB-927F-D9C290FCEBA1}.Release|Any CPU.Build.0 = Release|Any CPU
		{E2F02950-A7D3-4DE6-8114-C3AFEDB36192}.Debug|Any CPU.ActiveCfg = Debug|Any CPU
		{E2F02950-A7D3-4DE6-8114-C3AFEDB36192}.Debug|Any CPU.Build.0 = Debug|Any CPU
		{E2F02950-A7D3-4DE6-8114-C3AFEDB36192}.Release|Any CPU.ActiveCfg = Release|Any CPU
		{E2F02950-A7D3-4DE6-8114-C3AFEDB36192}.Release|Any CPU.Build.0 = Release|Any CPU
	EndGlobalSection
	GlobalSection(NestedProjects) = preSolution
		{7773C7CF-842D-43BB-93A3-C32055D6C282} = {EE245E3F-3D9E-4293-BACC-7EAF540ECF00}
		{EEA84658-8DEB-46A6-BC00-8895869556EC} = {ECB1A702-CB33-4162-B52B-3ED5707B0DEF}
		{1C38C874-9E69-44BB-927F-D9C290FCEBA1} = {ECB1A702-CB33-4162-B52B-3ED5707B0DEF}
		{E2F02950-A7D3-4DE6-8114-C3AFEDB36192} = {ECB1A702-CB33-4162-B52B-3ED5707B0DEF}
	EndGlobalSection
EndGlobal
